
Microsoft Visual Studio Solution File, Format Version 12.00
Project("{2150E333-8FDC-42A3-9474-1A3956D46DE8}") = "src", "src", "{5F11437A-CE23-4C26-8CB7-B29C9C126A7E}"
EndProject
Project("{FAE04EC0-301F-11D3-BF4B-00C04F79EFBC}") = "SearchAlgorithms.Complexity.ConsoleApp", "SearchAlgorithms.Complexity.ConsoleApp\SearchAlgorithms.Complexity.ConsoleApp.csproj", "{8E2948F5-1140-42C9-97AC-D84A3EDA2F1C}"
EndProject
Global
	GlobalSection(SolutionConfigurationPlatforms) = preSolution
		Debug|Any CPU = Debug|Any CPU
		Release|Any CPU = Release|Any CPU
	EndGlobalSection
	GlobalSection(NestedProjects) = preSolution
		{8E2948F5-1140-42C9-97AC-D84A3EDA2F1C} = {5F11437A-CE23-4C26-8CB7-B29C9C126A7E}
	EndGlobalSection
	GlobalSection(ProjectConfigurationPlatforms) = postSolution
		{8E2948F5-1140-42C9-97AC-D84A3EDA2F1C}.Debug|Any CPU.ActiveCfg = Debug|Any CPU
		{8E2948F5-1140-42C9-97AC-D84A3EDA2F1C}.Debug|Any CPU.Build.0 = Debug|Any CPU
		{8E2948F5-1140-42C9-97AC-D84A3EDA2F1C}.Release|Any CPU.ActiveCfg = Release|Any CPU
		{8E2948F5-1140-42C9-97AC-D84A3EDA2F1C}.Release|Any CPU.Build.0 = Release|Any CPU
	EndGlobalSection
EndGlobal
